
Microsoft Visual Studio Solution File, Format Version 12.00
# Visual Studio Version 16
VisualStudioVersion = 16.0.30320.27
MinimumVisualStudioVersion = 10.0.40219.1
Project("{9A19103F-16F7-4668-BE54-9A1E7A4F7556}") = "QSelectConsole", "QSelectConsole\QSelectConsole.csproj", "{89A973DB-8DD5-4421-839D-D237727AC360}"
EndProject
Project("{9A19103F-16F7-4668-BE54-9A1E7A4F7556}") = "LibQSelect", "LibQSelect\LibQSelect.csproj", "{69906910-A6E2-4849-8D16-5FB6E1ECEBE3}"
EndProject
Project("{9A19103F-16F7-4668-BE54-9A1E7A4F7556}") = "QSelectAvalonia", "QSelectAvalonia\QSelectAvalonia.csproj", "{BDE4E9AE-9780-47F4-81B9-50A8620CA5F2}"
EndProject
Project("{9A19103F-16F7-4668-BE54-9A1E7A4F7556}") = "LibPackageManager", "..\LibPackageManager\LibPackageManager\LibPackageManager.csproj", "{A4FF5270-29F8-4385-A427-39328C630BD3}"
EndProject
Global
	GlobalSection(SolutionConfigurationPlatforms) = preSolution
		Debug|Any CPU = Debug|Any CPU
		Release|Any CPU = Release|Any CPU
	EndGlobalSection
	GlobalSection(ProjectConfigurationPlatforms) = postSolution
		{89A973DB-8DD5-4421-839D-D237727AC360}.Debug|Any CPU.ActiveCfg = Debug|Any CPU
		{89A973DB-8DD5-4421-839D-D237727AC360}.Debug|Any CPU.Build.0 = Debug|Any CPU
		{89A973DB-8DD5-4421-839D-D237727AC360}.Release|Any CPU.ActiveCfg = Release|Any CPU
		{89A973DB-8DD5-4421-839D-D237727AC360}.Release|Any CPU.Build.0 = Release|Any CPU
		{69906910-A6E2-4849-8D16-5FB6E1ECEBE3}.Debug|Any CPU.ActiveCfg = Debug|Any CPU
		{69906910-A6E2-4849-8D16-5FB6E1ECEBE3}.Debug|Any CPU.Build.0 = Debug|Any CPU
		{69906910-A6E2-4849-8D16-5FB6E1ECEBE3}.Release|Any CPU.ActiveCfg = Release|Any CPU
		{69906910-A6E2-4849-8D16-5FB6E1ECEBE3}.Release|Any CPU.Build.0 = Release|Any CPU
		{BDE4E9AE-9780-47F4-81B9-50A8620CA5F2}.Debug|Any CPU.ActiveCfg = Debug|Any CPU
		{BDE4E9AE-9780-47F4-81B9-50A8620CA5F2}.Debug|Any CPU.Build.0 = Debug|Any CPU
		{BDE4E9AE-9780-47F4-81B9-50A8620CA5F2}.Release|Any CPU.ActiveCfg = Release|Any CPU
		{BDE4E9AE-9780-47F4-81B9-50A8620CA5F2}.Release|Any CPU.Build.0 = Release|Any CPU
		{A4FF5270-29F8-4385-A427-39328C630BD3}.Debug|Any CPU.ActiveCfg = Debug|Any CPU
		{A4FF5270-29F8-4385-A427-39328C630BD3}.Debug|Any CPU.Build.0 = Debug|Any CPU
		{A4FF5270-29F8-4385-A427-39328C630BD3}.Release|Any CPU.ActiveCfg = Release|Any CPU
		{A4FF5270-29F8-4385-A427-39328C630BD3}.Release|Any CPU.Build.0 = Release|Any CPU
	EndGlobalSection
	GlobalSection(SolutionProperties) = preSolution
		HideSolutionNode = FALSE
	EndGlobalSection
	GlobalSection(ExtensibilityGlobals) = postSolution
		SolutionGuid = {891E9170-7B84-435A-A6E1-BC832633292B}
	EndGlobalSection
EndGlobal
